// !$*UTF8*$!
{
	archiveVersion = 1;
	classes = {
	};
	objectVersion = 51;
	objects = {

/* Begin PBXBuildFile section */
		6301A5C624CA013C009AEC72 /* RatingControl.swift in Sources */ = {isa = PBXBuildFile; fileRef = 6301A5C524CA013C009AEC72 /* RatingControl.swift */; };
		6301A5C824CB1EFF009AEC72 /* MapViewController.swift in Sources */ = {isa = PBXBuildFile; fileRef = 6301A5C724CB1EFF009AEC72 /* MapViewController.swift */; };
		6301A5CA24D07158009AEC72 /* MapManager.swift in Sources */ = {isa = PBXBuildFile; fileRef = 6301A5C924D07158009AEC72 /* MapManager.swift */; };
		630EEF7F24E8559B0086BA2F /* BonsaiExtention.swift in Sources */ = {isa = PBXBuildFile; fileRef = 630EEF7E24E8559B0086BA2F /* BonsaiExtention.swift */; };
		630EEF8124E8563B0086BA2F /* NewPlaceViewControllerExtention.swift in Sources */ = {isa = PBXBuildFile; fileRef = 630EEF8024E8563B0086BA2F /* NewPlaceViewControllerExtention.swift */; };
		6316F83424EE82CA00E053A8 /* SortingManager.swift in Sources */ = {isa = PBXBuildFile; fileRef = 6316F83324EE82CA00E053A8 /* SortingManager.swift */; };
		633EC3DA2559AC1500CE6AC7 /* gilroy-bold.ttf in Resources */ = {isa = PBXBuildFile; fileRef = 633EC3D92559AC1500CE6AC7 /* gilroy-bold.ttf */; };
		633EC3DC2559AC2200CE6AC7 /* gilroy-medium.ttf in Resources */ = {isa = PBXBuildFile; fileRef = 633EC3DB2559AC2200CE6AC7 /* gilroy-medium.ttf */; };
		633EC3DE2559AC2E00CE6AC7 /* gilroy-regular.ttf in Resources */ = {isa = PBXBuildFile; fileRef = 633EC3DD2559AC2E00CE6AC7 /* gilroy-regular.ttf */; };
		633EC3E12559AC4000CE6AC7 /* gilroy-semibold.ttf in Resources */ = {isa = PBXBuildFile; fileRef = 633EC3DF2559AC4000CE6AC7 /* gilroy-semibold.ttf */; };
		633EC3E22559AC4000CE6AC7 /* gilroy-thin.ttf in Resources */ = {isa = PBXBuildFile; fileRef = 633EC3E02559AC4000CE6AC7 /* gilroy-thin.ttf */; };
		63A60ACF24D445E30008EDE5 /* TypeEditSmallViewController.swift in Sources */ = {isa = PBXBuildFile; fileRef = 63A60ACE24D445E30008EDE5 /* TypeEditSmallViewController.swift */; };
		63A60AD124D45D530008EDE5 /* TypeTableViewCell.swift in Sources */ = {isa = PBXBuildFile; fileRef = 63A60AD024D45D530008EDE5 /* TypeTableViewCell.swift */; };
		63C01F6324C828B00053A104 /* AppDelegate.swift in Sources */ = {isa = PBXBuildFile; fileRef = 63C01F6224C828B00053A104 /* AppDelegate.swift */; };
		63C01F6524C828B00053A104 /* SceneDelegate.swift in Sources */ = {isa = PBXBuildFile; fileRef = 63C01F6424C828B00053A104 /* SceneDelegate.swift */; };
		63C01F6724C828B00053A104 /* MainViewController.swift in Sources */ = {isa = PBXBuildFile; fileRef = 63C01F6624C828B00053A104 /* MainViewController.swift */; };
		63C01F6A24C828B00053A104 /* Main.storyboard in Resources */ = {isa = PBXBuildFile; fileRef = 63C01F6824C828B00053A104 /* Main.storyboard */; };
		63C01F6C24C828B10053A104 /* Assets.xcassets in Resources */ = {isa = PBXBuildFile; fileRef = 63C01F6B24C828B10053A104 /* Assets.xcassets */; };
		63C01F6F24C828B10053A104 /* LaunchScreen.storyboard in Resources */ = {isa = PBXBuildFile; fileRef = 63C01F6D24C828B10053A104 /* LaunchScreen.storyboard */; };
		63C01F7D24C835E60053A104 /* Radomir Tinkov - Gilroy-Light.otf in Resources */ = {isa = PBXBuildFile; fileRef = 63C01F7C24C835380053A104 /* Radomir Tinkov - Gilroy-Light.otf */; };
		63C01F7E24C835E80053A104 /* Radomir Tinkov - Gilroy-ExtraBold.otf in Resources */ = {isa = PBXBuildFile; fileRef = 63C01F7B24C835360053A104 /* Radomir Tinkov - Gilroy-ExtraBold.otf */; };
		63C01F8024C837F60053A104 /* CustomTableViewCell.swift in Sources */ = {isa = PBXBuildFile; fileRef = 63C01F7F24C837F60053A104 /* CustomTableViewCell.swift */; };
		63C01F8224C83B760053A104 /* PlaceModel.swift in Sources */ = {isa = PBXBuildFile; fileRef = 63C01F8124C83B760053A104 /* PlaceModel.swift */; };
		63C01F8E24C84B140053A104 /* NewPlaceViewController.swift in Sources */ = {isa = PBXBuildFile; fileRef = 63C01F8D24C84B140053A104 /* NewPlaceViewController.swift */; };
		63C01F9024C87C860053A104 /* StorageManager.swift in Sources */ = {isa = PBXBuildFile; fileRef = 63C01F8F24C87C860053A104 /* StorageManager.swift */; };
		63CEBA6B24F6543600882B38 /* MainViewControllerExtentions.swift in Sources */ = {isa = PBXBuildFile; fileRef = 63CEBA6A24F6543600882B38 /* MainViewControllerExtentions.swift */; };
		AB99262F0241158935752624 /* Pods_Places.framework in Frameworks */ = {isa = PBXBuildFile; fileRef = F07E5D069CA9980DEA79CE6B /* Pods_Places.framework */; };
/* End PBXBuildFile section */

/* Begin PBXFileReference section */
		6301A5C524CA013C009AEC72 /* RatingControl.swift */ = {isa = PBXFileReference; lastKnownFileType = sourcecode.swift; path = RatingControl.swift; sourceTree = "<group>"; };
		6301A5C724CB1EFF009AEC72 /* MapViewController.swift */ = {isa = PBXFileReference; lastKnownFileType = sourcecode.swift; path = MapViewController.swift; sourceTree = "<group>"; };
		6301A5C924D07158009AEC72 /* MapManager.swift */ = {isa = PBXFileReference; lastKnownFileType = sourcecode.swift; path = MapManager.swift; sourceTree = "<group>"; };
		630EEF7E24E8559B0086BA2F /* BonsaiExtention.swift */ = {isa = PBXFileReference; lastKnownFileType = sourcecode.swift; path = BonsaiExtention.swift; sourceTree = "<group>"; };
		630EEF8024E8563B0086BA2F /* NewPlaceViewControllerExtention.swift */ = {isa = PBXFileReference; lastKnownFileType = sourcecode.swift; path = NewPlaceViewControllerExtention.swift; sourceTree = "<group>"; };
		6316F83324EE82CA00E053A8 /* SortingManager.swift */ = {isa = PBXFileReference; lastKnownFileType = sourcecode.swift; path = SortingManager.swift; sourceTree = "<group>"; };
		633EC3D92559AC1500CE6AC7 /* gilroy-bold.ttf */ = {isa = PBXFileReference; lastKnownFileType = file; path = "gilroy-bold.ttf"; sourceTree = "<group>"; };
		633EC3DB2559AC2200CE6AC7 /* gilroy-medium.ttf */ = {isa = PBXFileReference; lastKnownFileType = file; path = "gilroy-medium.ttf"; sourceTree = "<group>"; };
		633EC3DD2559AC2E00CE6AC7 /* gilroy-regular.ttf */ = {isa = PBXFileReference; lastKnownFileType = file; path = "gilroy-regular.ttf"; sourceTree = "<group>"; };
		633EC3DF2559AC4000CE6AC7 /* gilroy-semibold.ttf */ = {isa = PBXFileReference; lastKnownFileType = file; path = "gilroy-semibold.ttf"; sourceTree = "<group>"; };
		633EC3E02559AC4000CE6AC7 /* gilroy-thin.ttf */ = {isa = PBXFileReference; lastKnownFileType = file; path = "gilroy-thin.ttf"; sourceTree = "<group>"; };
		63A60ACE24D445E30008EDE5 /* TypeEditSmallViewController.swift */ = {isa = PBXFileReference; lastKnownFileType = sourcecode.swift; path = TypeEditSmallViewController.swift; sourceTree = "<group>"; };
		63A60AD024D45D530008EDE5 /* TypeTableViewCell.swift */ = {isa = PBXFileReference; lastKnownFileType = sourcecode.swift; path = TypeTableViewCell.swift; sourceTree = "<group>"; };
		63C01F5F24C828B00053A104 /* Places.app */ = {isa = PBXFileReference; explicitFileType = wrapper.application; includeInIndex = 0; path = Places.app; sourceTree = BUILT_PRODUCTS_DIR; };
		63C01F6224C828B00053A104 /* AppDelegate.swift */ = {isa = PBXFileReference; lastKnownFileType = sourcecode.swift; path = AppDelegate.swift; sourceTree = "<group>"; };
		63C01F6424C828B00053A104 /* SceneDelegate.swift */ = {isa = PBXFileReference; lastKnownFileType = sourcecode.swift; path = SceneDelegate.swift; sourceTree = "<group>"; };
		63C01F6624C828B00053A104 /* MainViewController.swift */ = {isa = PBXFileReference; lastKnownFileType = sourcecode.swift; path = MainViewController.swift; sourceTree = "<group>"; };
		63C01F6924C828B00053A104 /* Base */ = {isa = PBXFileReference; lastKnownFileType = file.storyboard; name = Base; path = Base.lproj/Main.storyboard; sourceTree = "<group>"; };
		63C01F6B24C828B10053A104 /* Assets.xcassets */ = {isa = PBXFileReference; lastKnownFileType = folder.assetcatalog; path = Assets.xcassets; sourceTree = "<group>"; };
		63C01F6E24C828B10053A104 /* Base */ = {isa = PBXFileReference; lastKnownFileType = file.storyboard; name = Base; path = Base.lproj/LaunchScreen.storyboard; sourceTree = "<group>"; };
		63C01F7024C828B10053A104 /* Info.plist */ = {isa = PBXFileReference; lastKnownFileType = text.plist.xml; path = Info.plist; sourceTree = "<group>"; };
		63C01F7B24C835360053A104 /* Radomir Tinkov - Gilroy-ExtraBold.otf */ = {isa = PBXFileReference; lastKnownFileType = file; path = "Radomir Tinkov - Gilroy-ExtraBold.otf"; sourceTree = "<group>"; };
		63C01F7C24C835380053A104 /* Radomir Tinkov - Gilroy-Light.otf */ = {isa = PBXFileReference; lastKnownFileType = file; path = "Radomir Tinkov - Gilroy-Light.otf"; sourceTree = "<group>"; };
		63C01F7F24C837F60053A104 /* CustomTableViewCell.swift */ = {isa = PBXFileReference; lastKnownFileType = sourcecode.swift; path = CustomTableViewCell.swift; sourceTree = "<group>"; };
		63C01F8124C83B760053A104 /* PlaceModel.swift */ = {isa = PBXFileReference; lastKnownFileType = sourcecode.swift; path = PlaceModel.swift; sourceTree = "<group>"; };
		63C01F8D24C84B140053A104 /* NewPlaceViewController.swift */ = {isa = PBXFileReference; lastKnownFileType = sourcecode.swift; path = NewPlaceViewController.swift; sourceTree = "<group>"; };
		63C01F8F24C87C860053A104 /* StorageManager.swift */ = {isa = PBXFileReference; lastKnownFileType = sourcecode.swift; path = StorageManager.swift; sourceTree = "<group>"; };
		63CEBA6A24F6543600882B38 /* MainViewControllerExtentions.swift */ = {isa = PBXFileReference; lastKnownFileType = sourcecode.swift; path = MainViewControllerExtentions.swift; sourceTree = "<group>"; };
		A080887541175D148428C9F6 /* Pods-Places.debug.xcconfig */ = {isa = PBXFileReference; includeInIndex = 1; lastKnownFileType = text.xcconfig; name = "Pods-Places.debug.xcconfig"; path = "Target Support Files/Pods-Places/Pods-Places.debug.xcconfig"; sourceTree = "<group>"; };
		EBADE4154C6B293C8B6AE78A /* Pods-Places.release.xcconfig */ = {isa = PBXFileReference; includeInIndex = 1; lastKnownFileType = text.xcconfig; name = "Pods-Places.release.xcconfig"; path = "Target Support Files/Pods-Places/Pods-Places.release.xcconfig"; sourceTree = "<group>"; };
		F07E5D069CA9980DEA79CE6B /* Pods_Places.framework */ = {isa = PBXFileReference; explicitFileType = wrapper.framework; includeInIndex = 0; path = Pods_Places.framework; sourceTree = BUILT_PRODUCTS_DIR; };
/* End PBXFileReference section */

/* Begin PBXFrameworksBuildPhase section */
		63C01F5C24C828B00053A104 /* Frameworks */ = {
			isa = PBXFrameworksBuildPhase;
			buildActionMask = 2147483647;
			files = (
				AB99262F0241158935752624 /* Pods_Places.framework in Frameworks */,
			);
			runOnlyForDeploymentPostprocessing = 0;
		};
/* End PBXFrameworksBuildPhase section */

/* Begin PBXGroup section */
		6301A5CB24D0A021009AEC72 /* View Controllers */ = {
			isa = PBXGroup;
			children = (
				63C01F6624C828B00053A104 /* MainViewController.swift */,
				63C01F7F24C837F60053A104 /* CustomTableViewCell.swift */,
				63C01F8D24C84B140053A104 /* NewPlaceViewController.swift */,
				6301A5C724CB1EFF009AEC72 /* MapViewController.swift */,
				63A60ACE24D445E30008EDE5 /* TypeEditSmallViewController.swift */,
				63A60AD024D45D530008EDE5 /* TypeTableViewCell.swift */,
				630EEF8224E85A050086BA2F /* Extentions */,
			);
			path = "View Controllers";
			sourceTree = "<group>";
		};
		6301A5CC24D0A041009AEC72 /* Models */ = {
			isa = PBXGroup;
			children = (
				63C01F8124C83B760053A104 /* PlaceModel.swift */,
			);
			path = Models;
			sourceTree = "<group>";
		};
		6301A5CD24D0A056009AEC72 /* Helpers */ = {
			isa = PBXGroup;
			children = (
				6301A5C524CA013C009AEC72 /* RatingControl.swift */,
				63C01F8F24C87C860053A104 /* StorageManager.swift */,
				6301A5C924D07158009AEC72 /* MapManager.swift */,
				6316F83324EE82CA00E053A8 /* SortingManager.swift */,
			);
			path = Helpers;
			sourceTree = "<group>";
		};
		6301A5CE24D0A067009AEC72 /* Support files */ = {
			isa = PBXGroup;
			children = (
				63C01F6224C828B00053A104 /* AppDelegate.swift */,
				63C01F6424C828B00053A104 /* SceneDelegate.swift */,
				63C01F7024C828B10053A104 /* Info.plist */,
				63C01F6B24C828B10053A104 /* Assets.xcassets */,
			);
			path = "Support files";
			sourceTree = "<group>";
		};
		6301A5CF24D0A084009AEC72 /* UIBuilders */ = {
			isa = PBXGroup;
			children = (
				63C01F6D24C828B10053A104 /* LaunchScreen.storyboard */,
				63C01F6824C828B00053A104 /* Main.storyboard */,
			);
			path = UIBuilders;
			sourceTree = "<group>";
		};
		630EEF8224E85A050086BA2F /* Extentions */ = {
			isa = PBXGroup;
			children = (
				63CEBA6A24F6543600882B38 /* MainViewControllerExtentions.swift */,
				630EEF8024E8563B0086BA2F /* NewPlaceViewControllerExtention.swift */,
				630EEF7E24E8559B0086BA2F /* BonsaiExtention.swift */,
			);
			path = Extentions;
			sourceTree = "<group>";
		};
		63C01F5624C828B00053A104 = {
			isa = PBXGroup;
			children = (
				63C01F6124C828B00053A104 /* Places */,
				63C01F6024C828B00053A104 /* Products */,
				63C01F7A24C8352A0053A104 /* Fonts */,
				DCF1F6E806D84E07907EA71B /* Pods */,
				D5DF7505492851E41385C7BF /* Frameworks */,
			);
			sourceTree = "<group>";
		};
		63C01F6024C828B00053A104 /* Products */ = {
			isa = PBXGroup;
			children = (
				63C01F5F24C828B00053A104 /* Places.app */,
			);
			name = Products;
			sourceTree = "<group>";
		};
		63C01F6124C828B00053A104 /* Places */ = {
			isa = PBXGroup;
			children = (
				6301A5CB24D0A021009AEC72 /* View Controllers */,
				6301A5CD24D0A056009AEC72 /* Helpers */,
				6301A5CC24D0A041009AEC72 /* Models */,
				6301A5CE24D0A067009AEC72 /* Support files */,
				6301A5CF24D0A084009AEC72 /* UIBuilders */,
			);
			path = Places;
			sourceTree = "<group>";
		};
		63C01F7A24C8352A0053A104 /* Fonts */ = {
			isa = PBXGroup;
			children = (
				63C01F7B24C835360053A104 /* Radomir Tinkov - Gilroy-ExtraBold.otf */,
				63C01F7C24C835380053A104 /* Radomir Tinkov - Gilroy-Light.otf */,
				633EC3D92559AC1500CE6AC7 /* gilroy-bold.ttf */,
				633EC3DB2559AC2200CE6AC7 /* gilroy-medium.ttf */,
				633EC3DF2559AC4000CE6AC7 /* gilroy-semibold.ttf */,
				633EC3E02559AC4000CE6AC7 /* gilroy-thin.ttf */,
				633EC3DD2559AC2E00CE6AC7 /* gilroy-regular.ttf */,
			);
			path = Fonts;
			sourceTree = "<group>";
		};
		D5DF7505492851E41385C7BF /* Frameworks */ = {
			isa = PBXGroup;
			children = (
				F07E5D069CA9980DEA79CE6B /* Pods_Places.framework */,
			);
			name = Frameworks;
			sourceTree = "<group>";
		};
		DCF1F6E806D84E07907EA71B /* Pods */ = {
			isa = PBXGroup;
			children = (
				A080887541175D148428C9F6 /* Pods-Places.debug.xcconfig */,
				EBADE4154C6B293C8B6AE78A /* Pods-Places.release.xcconfig */,
			);
			path = Pods;
			sourceTree = "<group>";
		};
/* End PBXGroup section */

/* Begin PBXNativeTarget section */
		63C01F5E24C828B00053A104 /* Places */ = {
			isa = PBXNativeTarget;
			buildConfigurationList = 63C01F7324C828B10053A104 /* Build configuration list for PBXNativeTarget "Places" */;
			buildPhases = (
				24B7793BA79FF6B62A529F16 /* [CP] Check Pods Manifest.lock */,
				63C01F5B24C828B00053A104 /* Sources */,
				63C01F5C24C828B00053A104 /* Frameworks */,
				63C01F5D24C828B00053A104 /* Resources */,
				62433C860AA6E55E32FA306C /* [CP] Embed Pods Frameworks */,
			);
			buildRules = (
			);
			dependencies = (
			);
			name = Places;
			productName = Places;
			productReference = 63C01F5F24C828B00053A104 /* Places.app */;
			productType = "com.apple.product-type.application";
		};
/* End PBXNativeTarget section */

/* Begin PBXProject section */
		63C01F5724C828B00053A104 /* Project object */ = {
			isa = PBXProject;
			attributes = {
				LastSwiftUpdateCheck = 1130;
				LastUpgradeCheck = 1130;
				ORGANIZATIONNAME = "Туйаара Оконешникова";
				TargetAttributes = {
					63C01F5E24C828B00053A104 = {
						CreatedOnToolsVersion = 11.3.1;
					};
				};
			};
			buildConfigurationList = 63C01F5A24C828B00053A104 /* Build configuration list for PBXProject "Places" */;
			compatibilityVersion = "Xcode 9.3";
			developmentRegion = en;
			hasScannedForEncodings = 0;
			knownRegions = (
				en,
				Base,
			);
			mainGroup = 63C01F5624C828B00053A104;
			productRefGroup = 63C01F6024C828B00053A104 /* Products */;
			projectDirPath = "";
			projectRoot = "";
			targets = (
				63C01F5E24C828B00053A104 /* Places */,
			);
		};
/* End PBXProject section */

/* Begin PBXResourcesBuildPhase section */
		63C01F5D24C828B00053A104 /* Resources */ = {
			isa = PBXResourcesBuildPhase;
			buildActionMask = 2147483647;
			files = (
				633EC3DA2559AC1500CE6AC7 /* gilroy-bold.ttf in Resources */,
				63C01F6F24C828B10053A104 /* LaunchScreen.storyboard in Resources */,
				63C01F6C24C828B10053A104 /* Assets.xcassets in Resources */,
				63C01F7E24C835E80053A104 /* Radomir Tinkov - Gilroy-ExtraBold.otf in Resources */,
				633EC3DE2559AC2E00CE6AC7 /* gilroy-regular.ttf in Resources */,
				63C01F6A24C828B00053A104 /* Main.storyboard in Resources */,
				633EC3DC2559AC2200CE6AC7 /* gilroy-medium.ttf in Resources */,
				633EC3E12559AC4000CE6AC7 /* gilroy-semibold.ttf in Resources */,
				633EC3E22559AC4000CE6AC7 /* gilroy-thin.ttf in Resources */,
				63C01F7D24C835E60053A104 /* Radomir Tinkov - Gilroy-Light.otf in Resources */,
			);
			runOnlyForDeploymentPostprocessing = 0;
		};
/* End PBXResourcesBuildPhase section */

/* Begin PBXShellScriptBuildPhase section */
		24B7793BA79FF6B62A529F16 /* [CP] Check Pods Manifest.lock */ = {
			isa = PBXShellScriptBuildPhase;
			buildActionMask = 2147483647;
			files = (
			);
			inputFileListPaths = (
			);
			inputPaths = (
				"${PODS_PODFILE_DIR_PATH}/Podfile.lock",
				"${PODS_ROOT}/Manifest.lock",
			);
			name = "[CP] Check Pods Manifest.lock";
			outputFileListPaths = (
			);
			outputPaths = (
				"$(DERIVED_FILE_DIR)/Pods-Places-checkManifestLockResult.txt",
			);
			runOnlyForDeploymentPostprocessing = 0;
			shellPath = /bin/sh;
			shellScript = "diff \"${PODS_PODFILE_DIR_PATH}/Podfile.lock\" \"${PODS_ROOT}/Manifest.lock\" > /dev/null\nif [ $? != 0 ] ; then\n    # print error to STDERR\n    echo \"error: The sandbox is not in sync with the Podfile.lock. Run 'pod install' or update your CocoaPods installation.\" >&2\n    exit 1\nfi\n# This output is used by Xcode 'outputs' to avoid re-running this script phase.\necho \"SUCCESS\" > \"${SCRIPT_OUTPUT_FILE_0}\"\n";
			showEnvVarsInLog = 0;
		};
		62433C860AA6E55E32FA306C /* [CP] Embed Pods Frameworks */ = {
			isa = PBXShellScriptBuildPhase;
			buildActionMask = 2147483647;
			files = (
			);
			inputFileListPaths = (
				"${PODS_ROOT}/Target Support Files/Pods-Places/Pods-Places-frameworks-${CONFIGURATION}-input-files.xcfilelist",
			);
			name = "[CP] Embed Pods Frameworks";
			outputFileListPaths = (
				"${PODS_ROOT}/Target Support Files/Pods-Places/Pods-Places-frameworks-${CONFIGURATION}-output-files.xcfilelist",
			);
			runOnlyForDeploymentPostprocessing = 0;
			shellPath = /bin/sh;
			shellScript = "\"${PODS_ROOT}/Target Support Files/Pods-Places/Pods-Places-frameworks.sh\"\n";
			showEnvVarsInLog = 0;
		};
/* End PBXShellScriptBuildPhase section */

/* Begin PBXSourcesBuildPhase section */
		63C01F5B24C828B00053A104 /* Sources */ = {
			isa = PBXSourcesBuildPhase;
			buildActionMask = 2147483647;
			files = (
				6316F83424EE82CA00E053A8 /* SortingManager.swift in Sources */,
				63C01F6724C828B00053A104 /* MainViewController.swift in Sources */,
				63C01F8E24C84B140053A104 /* NewPlaceViewController.swift in Sources */,
				63C01F6324C828B00053A104 /* AppDelegate.swift in Sources */,
				63C01F9024C87C860053A104 /* StorageManager.swift in Sources */,
				6301A5C824CB1EFF009AEC72 /* MapViewController.swift in Sources */,
				6301A5C624CA013C009AEC72 /* RatingControl.swift in Sources */,
				63A60ACF24D445E30008EDE5 /* TypeEditSmallViewController.swift in Sources */,
				630EEF8124E8563B0086BA2F /* NewPlaceViewControllerExtention.swift in Sources */,
				630EEF7F24E8559B0086BA2F /* BonsaiExtention.swift in Sources */,
				63CEBA6B24F6543600882B38 /* MainViewControllerExtentions.swift in Sources */,
				63A60AD124D45D530008EDE5 /* TypeTableViewCell.swift in Sources */,
				6301A5CA24D07158009AEC72 /* MapManager.swift in Sources */,
				63C01F8224C83B760053A104 /* PlaceModel.swift in Sources */,
				63C01F8024C837F60053A104 /* CustomTableViewCell.swift in Sources */,
				63C01F6524C828B00053A104 /* SceneDelegate.swift in Sources */,
			);
			runOnlyForDeploymentPostprocessing = 0;
		};
/* End PBXSourcesBuildPhase section */

/* Begin PBXVariantGroup section */
		63C01F6824C828B00053A104 /* Main.storyboard */ = {
			isa = PBXVariantGroup;
			children = (
				63C01F6924C828B00053A104 /* Base */,
			);
			name = Main.storyboard;
			sourceTree = "<group>";
		};
		63C01F6D24C828B10053A104 /* LaunchScreen.storyboard */ = {
			isa = PBXVariantGroup;
			children = (
				63C01F6E24C828B10053A104 /* Base */,
			);
			name = LaunchScreen.storyboard;
			sourceTree = "<group>";
		};
/* End PBXVariantGroup section */

/* Begin XCBuildConfiguration section */
		63C01F7124C828B10053A104 /* Debug */ = {
			isa = XCBuildConfiguration;
			buildSettings = {
				ALWAYS_SEARCH_USER_PATHS = NO;
				CLANG_ANALYZER_NONNULL = YES;
				CLANG_ANALYZER_NUMBER_OBJECT_CONVERSION = YES_AGGRESSIVE;
				CLANG_CXX_LANGUAGE_STANDARD = "gnu++14";
				CLANG_CXX_LIBRARY = "libc++";
				CLANG_ENABLE_MODULES = YES;
				CLANG_ENABLE_OBJC_ARC = YES;
				CLANG_ENABLE_OBJC_WEAK = YES;
				CLANG_WARN_BLOCK_CAPTURE_AUTORELEASING = YES;
				CLANG_WARN_BOOL_CONVERSION = YES;
				CLANG_WARN_COMMA = YES;
				CLANG_WARN_CONSTANT_CONVERSION = YES;
				CLANG_WARN_DEPRECATED_OBJC_IMPLEMENTATIONS = YES;
				CLANG_WARN_DIRECT_OBJC_ISA_USAGE = YES_ERROR;
				CLANG_WARN_DOCUMENTATION_COMMENTS = YES;
				CLANG_WARN_EMPTY_BODY = YES;
				CLANG_WARN_ENUM_CONVERSION = YES;
				CLANG_WARN_INFINITE_RECURSION = YES;
				CLANG_WARN_INT_CONVERSION = YES;
				CLANG_WARN_NON_LITERAL_NULL_CONVERSION = YES;
				CLANG_WARN_OBJC_IMPLICIT_RETAIN_SELF = YES;
				CLANG_WARN_OBJC_LITERAL_CONVERSION = YES;
				CLANG_WARN_OBJC_ROOT_CLASS = YES_ERROR;
				CLANG_WARN_RANGE_LOOP_ANALYSIS = YES;
				CLANG_WARN_STRICT_PROTOTYPES = YES;
				CLANG_WARN_SUSPICIOUS_MOVE = YES;
				CLANG_WARN_UNGUARDED_AVAILABILITY = YES_AGGRESSIVE;
				CLANG_WARN_UNREACHABLE_CODE = YES;
				CLANG_WARN__DUPLICATE_METHOD_MATCH = YES;
				COPY_PHASE_STRIP = NO;
				DEBUG_INFORMATION_FORMAT = dwarf;
				ENABLE_STRICT_OBJC_MSGSEND = YES;
				ENABLE_TESTABILITY = YES;
				GCC_C_LANGUAGE_STANDARD = gnu11;
				GCC_DYNAMIC_NO_PIC = NO;
				GCC_NO_COMMON_BLOCKS = YES;
				GCC_OPTIMIZATION_LEVEL = 0;
				GCC_PREPROCESSOR_DEFINITIONS = (
					"DEBUG=1",
					"$(inherited)",
				);
				GCC_WARN_64_TO_32_BIT_CONVERSION = YES;
				GCC_WARN_ABOUT_RETURN_TYPE = YES_ERROR;
				GCC_WARN_UNDECLARED_SELECTOR = YES;
				GCC_WARN_UNINITIALIZED_AUTOS = YES_AGGRESSIVE;
				GCC_WARN_UNUSED_FUNCTION = YES;
				GCC_WARN_UNUSED_VARIABLE = YES;
				IPHONEOS_DEPLOYMENT_TARGET = 13.2;
				MTL_ENABLE_DEBUG_INFO = INCLUDE_SOURCE;
				MTL_FAST_MATH = YES;
				ONLY_ACTIVE_ARCH = YES;
				SDKROOT = iphoneos;
				SWIFT_ACTIVE_COMPILATION_CONDITIONS = DEBUG;
				SWIFT_OPTIMIZATION_LEVEL = "-Onone";
			};
			name = Debug;
		};
		63C01F7224C828B10053A104 /* Release */ = {
			isa = XCBuildConfiguration;
			buildSettings = {
				ALWAYS_SEARCH_USER_PATHS = NO;
				CLANG_ANALYZER_NONNULL = YES;
				CLANG_ANALYZER_NUMBER_OBJECT_CONVERSION = YES_AGGRESSIVE;
				CLANG_CXX_LANGUAGE_STANDARD = "gnu++14";
				CLANG_CXX_LIBRARY = "libc++";
				CLANG_ENABLE_MODULES = YES;
				CLANG_ENABLE_OBJC_ARC = YES;
				CLANG_ENABLE_OBJC_WEAK = YES;
				CLANG_WARN_BLOCK_CAPTURE_AUTORELEASING = YES;
				CLANG_WARN_BOOL_CONVERSION = YES;
				CLANG_WARN_COMMA = YES;
				CLANG_WARN_CONSTANT_CONVERSION = YES;
				CLANG_WARN_DEPRECATED_OBJC_IMPLEMENTATIONS = YES;
				CLANG_WARN_DIRECT_OBJC_ISA_USAGE = YES_ERROR;
				CLANG_WARN_DOCUMENTATION_COMMENTS = YES;
				CLANG_WARN_EMPTY_BODY = YES;
				CLANG_WARN_ENUM_CONVERSION = YES;
				CLANG_WARN_INFINITE_RECURSION = YES;
				CLANG_WARN_INT_CONVERSION = YES;
				CLANG_WARN_NON_LITERAL_NULL_CONVERSION = YES;
				CLANG_WARN_OBJC_IMPLICIT_RETAIN_SELF = YES;
				CLANG_WARN_OBJC_LITERAL_CONVERSION = YES;
				CLANG_WARN_OBJC_ROOT_CLASS = YES_ERROR;
				CLANG_WARN_RANGE_LOOP_ANALYSIS = YES;
				CLANG_WARN_STRICT_PROTOTYPES = YES;
				CLANG_WARN_SUSPICIOUS_MOVE = YES;
				CLANG_WARN_UNGUARDED_AVAILABILITY = YES_AGGRESSIVE;
				CLANG_WARN_UNREACHABLE_CODE = YES;
				CLANG_WARN__DUPLICATE_METHOD_MATCH = YES;
				COPY_PHASE_STRIP = NO;
				DEBUG_INFORMATION_FORMAT = "dwarf-with-dsym";
				ENABLE_NS_ASSERTIONS = NO;
				ENABLE_STRICT_OBJC_MSGSEND = YES;
				GCC_C_LANGUAGE_STANDARD = gnu11;
				GCC_NO_COMMON_BLOCKS = YES;
				GCC_WARN_64_TO_32_BIT_CONVERSION = YES;
				GCC_WARN_ABOUT_RETURN_TYPE = YES_ERROR;
				GCC_WARN_UNDECLARED_SELECTOR = YES;
				GCC_WARN_UNINITIALIZED_AUTOS = YES_AGGRESSIVE;
				GCC_WARN_UNUSED_FUNCTION = YES;
				GCC_WARN_UNUSED_VARIABLE = YES;
				IPHONEOS_DEPLOYMENT_TARGET = 13.2;
				MTL_ENABLE_DEBUG_INFO = NO;
				MTL_FAST_MATH = YES;
				SDKROOT = iphoneos;
				SWIFT_COMPILATION_MODE = wholemodule;
				SWIFT_OPTIMIZATION_LEVEL = "-O";
				VALIDATE_PRODUCT = YES;
			};
			name = Release;
		};
		63C01F7424C828B10053A104 /* Debug */ = {
			isa = XCBuildConfiguration;
			baseConfigurationReference = A080887541175D148428C9F6 /* Pods-Places.debug.xcconfig */;
			buildSettings = {
				ASSETCATALOG_COMPILER_APPICON_NAME = AppIcon;
				CODE_SIGN_STYLE = Automatic;
				DEVELOPMENT_TEAM = 4825WAP7SS;
				INFOPLIST_FILE = "Places/Support files/Info.plist";
				LD_RUNPATH_SEARCH_PATHS = (
					"$(inherited)",
					"@executable_path/Frameworks",
				);
				PRODUCT_BUNDLE_IDENTIFIER = com.appsite.Places;
				PRODUCT_NAME = "$(TARGET_NAME)";
				SWIFT_VERSION = 5.0;
				TARGETED_DEVICE_FAMILY = "1,2";
			};
			name = Debug;
		};
		63C01F7524C828B10053A104 /* Release */ = {
			isa = XCBuildConfiguration;
			baseConfigurationReference = EBADE4154C6B293C8B6AE78A /* Pods-Places.release.xcconfig */;
			buildSettings = {
				ASSETCATALOG_COMPILER_APPICON_NAME = AppIcon;
				CODE_SIGN_STYLE = Automatic;
				DEVELOPMENT_TEAM = 4825WAP7SS;
				INFOPLIST_FILE = "Places/Support files/Info.plist";
				LD_RUNPATH_SEARCH_PATHS = (
					"$(inherited)",
					"@executable_path/Frameworks",
				);
				PRODUCT_BUNDLE_IDENTIFIER = com.appsite.Places;
				PRODUCT_NAME = "$(TARGET_NAME)";
				SWIFT_VERSION = 5.0;
				TARGETED_DEVICE_FAMILY = "1,2";
			};
			name = Release;
		};
/* End XCBuildConfiguration section */

/* Begin XCConfigurationList section */
		63C01F5A24C828B00053A104 /* Build configuration list for PBXProject "Places" */ = {
			isa = XCConfigurationList;
			buildConfigurations = (
				63C01F7124C828B10053A104 /* Debug */,
				63C01F7224C828B10053A104 /* Release */,
			);
			defaultConfigurationIsVisible = 0;
			defaultConfigurationName = Release;
		};
		63C01F7324C828B10053A104 /* Build configuration list for PBXNativeTarget "Places" */ = {
			isa = XCConfigurationList;
			buildConfigurations = (
				63C01F7424C828B10053A104 /* Debug */,
				63C01F7524C828B10053A104 /* Release */,
			);
			defaultConfigurationIsVisible = 0;
			defaultConfigurationName = Release;
		};
/* End XCConfigurationList section */
	};
	rootObject = 63C01F5724C828B00053A104 /* Project object */;
}
